<?xml version="1.0" encoding="utf-8"?>
<Project ToolsVersion="17.0" xmlns="http://schemas.microsoft.com/developer/msbuild/2003">
  <ItemGroup>
    <CustomBuild Include="C:\Users\miles\Desktop\TestDDS\workspace_DDSHelloWorld\src\CMakeFiles\4a908964d27634371a73189598dda376\generate.stamp.rule">
      <Filter>CMake Rules</Filter>
    </CustomBuild>
  </ItemGroup>
  <ItemGroup>
    <Filter Include="CMake Rules">
      <UniqueIdentifier>{C9B4E4E7-F2C6-328F-9737-26FF796845D0}</UniqueIdentifier>
    </Filter>
  </ItemGroup>
</Project>
